{
  "name": "sharepoint-rfq-function",
  "version": "1.0.0",
  "lockfileVersion": 3,
  "requires": true,
  "packages": {
    "": {
      "name": "sharepoint-rfq-function",
      "version": "1.0.0",
      "license": "ISC",
      "dependencies": {
        "@pnp/common": "^2.15.0",
        "@pnp/graph": "^2.15.0",
        "@pnp/logging": "^2.15.0",
        "@pnp/odata": "^2.15.0",
        "@pnp/sp": "^2.15.0",
        "node-fetch": "^2.6.9"
      },
      "devDependencies": {}
    },
    "node_modules/@microsoft/microsoft-graph-types": {
      "version": "2.43.1",
      "resolved": "https://registry.npmjs.org/@microsoft/microsoft-graph-types/-/microsoft-graph-types-2.43.1.tgz",
      "integrity": "sha512-7r3FiJYW2qTWnl+Li8GV5MzJqPiJp27hvY98kH5V/ZMzGuIOkcJqOfIpusoIQrskLDfYk5kFT8AjpeW713qcIg==",
      "license": "MIT"
    },
    "node_modules/@pnp/common": {
      "version": "2.15.0",
      "resolved": "https://registry.npmjs.org/@pnp/common/-/common-2.15.0.tgz",
      "integrity": "sha512-lyK5LIet6xh0wXPvnMpOKU7cK1aRuLAJK+TxWUsg44fmoda4w316pWycTyWelaJYXnqZT2OOoz996Zpkc6t76w==",
      "license": "MIT",
      "dependencies": {
        "tslib": "2.3.0"
      },
      "funding": {
        "type": "individual",
        "url": "https://github.com/sponsors/patrick-rodgers/"
      }
    },
    "node_modules/@pnp/graph": {
      "version": "2.15.0",
      "resolved": "https://registry.npmjs.org/@pnp/graph/-/graph-2.15.0.tgz",
      "integrity": "sha512-QaIlsw2/83+16kUF9wJ4RHx4RrkvZjdnHiLdTeZYfl39vonzW9pKjV60DcjXa6jwsVCl5KPwmUZ/gKDwdPDy8A==",
      "license": "MIT",
      "dependencies": {
        "@microsoft/microsoft-graph-types": "^2.13.0",
        "@pnp/common": "2.15.0",
        "@pnp/logging": "2.15.0",
        "@pnp/odata": "2.15.0",
        "tslib": "2.3.0"
      },
      "funding": {
        "type": "individual",
        "url": "https://github.com/sponsors/patrick-rodgers/"
      }
    },
    "node_modules/@pnp/logging": {
      "version": "2.15.0",
      "resolved": "https://registry.npmjs.org/@pnp/logging/-/logging-2.15.0.tgz",
      "integrity": "sha512-rgpQl38AR3d/HJE6OxoTnAYx3DiaWmWmbMPlDvP26uxvtjdFKAkBriuAdVFWrVTTVupNZdqsMfEbr+YVG+tTBA==",
      "license": "MIT",
      "dependencies": {
        "tslib": "2.3.0"
      },
      "funding": {
        "type": "individual",
        "url": "https://github.com/sponsors/patrick-rodgers/"
      }
    },
    "node_modules/@pnp/odata": {
      "version": "2.15.0",
      "resolved": "https://registry.npmjs.org/@pnp/odata/-/odata-2.15.0.tgz",
      "integrity": "sha512-FFwdGi138etmgHVYY4BmsT7ytd3X2Q6AFRqU2UEoyIJW0YLXpj3s46pS4Ia1uTafJpF9/xEy5BAVYHq9dZNn8Q==",
      "license": "MIT",
      "dependencies": {
        "@pnp/common": "2.15.0",
        "@pnp/logging": "2.15.0",
        "tslib": "2.3.0"
      },
      "funding": {
        "type": "individual",
        "url": "https://github.com/sponsors/patrick-rodgers/"
      }
    },
    "node_modules/@pnp/sp": {
      "version": "2.15.0",
      "resolved": "https://registry.npmjs.org/@pnp/sp/-/sp-2.15.0.tgz",
      "integrity": "sha512-2G/Ir7DqNE+KKfgSK+Yw5fDXX9uF8ntKAZQUk2Gb3Mgc5vh1sY/WM13kNfnA5Teo2X9WxYDpaVMz4BOKlOCklA==",
      "license": "MIT",
      "dependencies": {
        "@pnp/common": "2.15.0",
        "@pnp/logging": "2.15.0",
        "@pnp/odata": "2.15.0",
        "tslib": "2.3.0"
      },
      "funding": {
        "type": "individual",
        "url": "https://github.com/sponsors/patrick-rodgers/"
      }
    },
    "node_modules/node-fetch": {
      "version": "2.6.9",
      "resolved": "https://registry.npmjs.org/node-fetch/-/node-fetch-2.6.9.tgz",
      "integrity": "sha512-DJm/CJkZkRjKKj4Zi4BsKVZh3ValV5IR5s7LVZnW+6YMh0W1BfNA8XSs6DLMGYlId5F3KnA70uu2qepcR08Qqg==",
      "license": "MIT",
      "dependencies": {
        "whatwg-url": "^5.0.0"
      },
      "engines": {
        "node": "4.x || >=6.0.0"
      },
      "peerDependencies": {
        "encoding": "^0.1.0"
      },
      "peerDependenciesMeta": {
        "encoding": {
          "optional": true
        }
      }
    },
    "node_modules/tr46": {
      "version": "0.0.3",
      "resolved": "https://registry.npmjs.org/tr46/-/tr46-0.0.3.tgz",
      "integrity": "sha512-N3WMsuqV66lT30CrXNbEjx4GEwlow3v6rr4mCcv6prnfwhS01rkgyFdjPNBYd9br7LpXV1+Emh01fHnq2Gdgrw==",
      "license": "MIT"
    },
    "node_modules/tslib": {
      "version": "2.3.0",
      "resolved": "https://registry.npmjs.org/tslib/-/tslib-2.3.0.tgz",
      "integrity": "sha512-N82ooyxVNm6h1riLCoyS9e3fuJ3AMG2zIZs2Gd1ATcSFjSA23Q0fzjjZeh0jbJvWVDZ0cJT8yaNNaaXHzueNjg==",
      "license": "0BSD"
    },
    "node_modules/webidl-conversions": {
      "version": "3.0.1",
      "resolved": "https://registry.npmjs.org/webidl-conversions/-/webidl-conversions-3.0.1.tgz",
      "integrity": "sha512-2JAn3z8AR6rjK8Sm8orRC0h/bcl/DqL7tRPdGZ4I1CjdF+EaMLmYxBHyXuKL849eucPFhvBoxMsflfOb8kxaeQ==",
      "license": "BSD-2-Clause"
    },
    "node_modules/whatwg-url": {
      "version": "5.0.0",
      "resolved": "https://registry.npmjs.org/whatwg-url/-/whatwg-url-5.0.0.tgz",
      "integrity": "sha512-saE57nupxk6v3HY35+jzBwYa0rKSy0XR8JSxZPwgLr7ys0IBzhGviA1/TUGJLmSVqs8pb9AnvICXEuOHLprYTw==",
      "license": "MIT",
      "dependencies": {
        "tr46": "~0.0.3",
        "webidl-conversions": "^3.0.0"
      }
    }
  }
}
